PODS:
  - Cluster (2.1.0)
  - Crashlytics (3.9.3):
    - Fabric (~> 1.7.2)
  - Fabric (1.7.2)
  - Firebase/Core (4.8.2):
    - FirebaseAnalytics (= 4.0.9)
    - FirebaseCore (= 4.0.14)
  - FirebaseAnalytics (4.0.9):
    - FirebaseCore (~> 4.0)
    - FirebaseInstanceID (~> 2.0)
    - GoogleToolboxForMac/NSData+zlib (~> 2.1)
    - nanopb (~> 0.3)
  - FirebaseCore (4.0.14):
    - GoogleToolboxForMac/NSData+zlib (~> 2.1)
  - FirebaseInstanceID (2.0.8):
    - FirebaseCore (~> 4.0)
  - Google-Mobile-Ads-SDK (7.27.0)
  - GoogleToolboxForMac/Defines (2.1.3)
  - GoogleToolboxForMac/NSData+zlib (2.1.3):
    - GoogleToolboxForMac/Defines (= 2.1.3)
  - nanopb (0.3.8):
    - nanopb/decode (= 0.3.8)
    - nanopb/encode (= 0.3.8)
  - nanopb/decode (0.3.8)
  - nanopb/encode (0.3.8)
  - SideMenu (3.1.5)
  - SwiftyStoreKit (0.12.1)

DEPENDENCIES:
  - Cluster
  - Crashlytics
  - Fabric
  - Firebase/Core
  - Google-Mobile-Ads-SDK
  - SideMenu
  - SwiftyStoreKit

SPEC CHECKSUMS:
  Cluster: b1b363bb4b6991c73f5da2f4ab175fc7424f9900
  Crashlytics: dbb07d01876c171c5ccbdf7826410380189e452c
  Fabric: 9cd6a848efcf1b8b07497e0b6a2e7d336353ba15
  Firebase: 7d3b8cd837ad9fcd391657734c0d56dab8e9a5a3
  FirebaseAnalytics: 388b630c15713f5dbf364071f5f3d6077fb52f4e
  FirebaseCore: 2e0b98fb2d64ca8140136beff15772bdd14d2dd7
  FirebaseInstanceID: 81df5805a08001e69138664bdd02c6719a9ac80f
  Google-Mobile-Ads-SDK: 83f7f890e638ce8f1debd440ea363338c9f6be3b
  GoogleToolboxForMac: 2501e2ad72a52eb3dfe7bd9aee7dad11b858bd20
  nanopb: 5601e6bca2dbf1ed831b519092ec110f66982ca3
  SideMenu: 47dbf9e4d878062d8994aed43f6e4bf6c1fea30b
  SwiftyStoreKit: 98742f9d7941ecaca0f248de0f49c5ecf585bc95

PODFILE CHECKSUM: b3db12e10e961212f5bbe901789af258ac18e0fb

COCOAPODS: 1.3.1
