PODS:
  - Cluster (2.1.0)
  - Crashlytics (3.12.0):
    - Fabric (~> 1.9.0)
  - Fabric (1.9.0)
  - Firebase/Core (5.17.0):
    - Firebase/CoreOnly
    - FirebaseAnalytics (= 5.6.0)
  - Firebase/CoreOnly (5.17.0):
    - FirebaseCore (= 5.3.0)
  - FirebaseAnalytics (5.6.0):
    - FirebaseCore (~> 5.3)
    - FirebaseInstanceID (~> 3.5)
    - GoogleAppMeasurement (= 5.6.0)
    - GoogleUtilities/AppDelegateSwizzler (~> 5.2)
    - GoogleUtilities/MethodSwizzler (~> 5.2)
    - GoogleUtilities/Network (~> 5.2)
    - "GoogleUtilities/NSData+zlib (~> 5.2)"
    - nanopb (~> 0.3)
  - FirebaseCore (5.3.0):
    - GoogleUtilities/Logger (~> 5.2)
  - FirebaseInstanceID (3.5.0):
    - FirebaseCore (~> 5.3)
    - GoogleUtilities/Environment (~> 5.3)
    - GoogleUtilities/UserDefaults (~> 5.3)
  - Google-Mobile-Ads-SDK (7.40.0)
  - GoogleAppMeasurement (5.6.0):
    - GoogleUtilities/AppDelegateSwizzler (~> 5.2)
    - GoogleUtilities/MethodSwizzler (~> 5.2)
    - GoogleUtilities/Network (~> 5.2)
    - "GoogleUtilities/NSData+zlib (~> 5.2)"
    - nanopb (~> 0.3)
  - GoogleUtilities/AppDelegateSwizzler (5.3.7):
    - GoogleUtilities/Environment
    - GoogleUtilities/Logger
    - GoogleUtilities/Network
  - GoogleUtilities/Environment (5.3.7)
  - GoogleUtilities/Logger (5.3.7):
    - GoogleUtilities/Environment
  - GoogleUtilities/MethodSwizzler (5.3.7):
    - GoogleUtilities/Logger
  - GoogleUtilities/Network (5.3.7):
    - GoogleUtilities/Logger
    - "GoogleUtilities/NSData+zlib"
    - GoogleUtilities/Reachability
  - "GoogleUtilities/NSData+zlib (5.3.7)"
  - GoogleUtilities/Reachability (5.3.7):
    - GoogleUtilities/Logger
  - GoogleUtilities/UserDefaults (5.3.7):
    - GoogleUtilities/Logger
  - nanopb (0.3.901):
    - nanopb/decode (= 0.3.901)
    - nanopb/encode (= 0.3.901)
  - nanopb/decode (0.3.901)
  - nanopb/encode (0.3.901)
  - SideMenu (3.1.5)
  - SwiftyStoreKit (0.14.2)

DEPENDENCIES:
  - Cluster (from `https://github.com/efremidze/Cluster.git`, tag `2.1.0`)
  - Crashlytics
  - Fabric
  - Firebase/Core
  - Google-Mobile-Ads-SDK
  - SideMenu (from `https://github.com/jonkykong/SideMenu.git`, tag `3.1.5`)
  - SwiftyStoreKit

SPEC REPOS:
  https://github.com/cocoapods/specs.git:
    - Crashlytics
    - Fabric
    - Firebase
    - FirebaseAnalytics
    - FirebaseCore
    - FirebaseInstanceID
    - Google-Mobile-Ads-SDK
    - GoogleAppMeasurement
    - GoogleUtilities
    - nanopb
    - SwiftyStoreKit

EXTERNAL SOURCES:
  Cluster:
    :git: https://github.com/efremidze/Cluster.git
    :tag: 2.1.0
  SideMenu:
    :git: https://github.com/jonkykong/SideMenu.git
    :tag: 3.1.5

CHECKOUT OPTIONS:
  Cluster:
    :git: https://github.com/efremidze/Cluster.git
    :tag: 2.1.0
  SideMenu:
    :git: https://github.com/jonkykong/SideMenu.git
    :tag: 3.1.5

SPEC CHECKSUMS:
  Cluster: e15179fd2a36c15650a7c3d1b36a2e9760b6d0b9
  Crashlytics: 07fb167b1694128c1c9a5a5cc319b0e9c3ca0933
  Fabric: f988e33c97f08930a413e08123064d2e5f68d655
  Firebase: 59d557e064217fab6a03ff00baa73c06e73832e6
  FirebaseAnalytics: 75e4bbc6417d190cc98ec1f17c41a4fad4c2c976
  FirebaseCore: c0c4befb82374d6aef64d800e569f47625352edc
  FirebaseInstanceID: 4522aad88f69297622062c0e9ffccdee3dd9b151
  Google-Mobile-Ads-SDK: 9d1c38a83febea769470aa514a9c7954e2d1483d
  GoogleAppMeasurement: 008e04ecd8efedd97a693aea8634aefe220bd26e
  GoogleUtilities: 111a012f4c3a29c9e7c954c082fafd6ee3c999c0
  nanopb: 2901f78ea1b7b4015c860c2fdd1ea2fee1a18d48
  SideMenu: 73ba451e8866dbece12e6dc450269057000aba2c
  SwiftyStoreKit: cc399645796b094022fb650c148a0aed25995873

PODFILE CHECKSUM: b5211d2549297f3ab68de36695b0624316a0bbf1

COCOAPODS: 1.6.1
